// !$*UTF8*$!
{
	archiveVersion = 1;
	classes = {
	};
	objectVersion = 50;
	objects = {

/* Begin PBXBuildFile section */
		FFD5F06F247F027F00DE8E35 /* QRLib.h in Headers */ = {isa = PBXBuildFile; fileRef = FFD5F06D247F027F00DE8E35 /* QRLib.h */; settings = {ATTRIBUTES = (Public, ); }; };
		FFD5F07F247F053F00DE8E35 /* QRCodeReaderViewControllerDelegate.swift in Sources */ = {isa = PBXBuildFile; fileRef = FFD5F075247F053E00DE8E35 /* QRCodeReaderViewControllerDelegate.swift */; };
		FFD5F080247F053F00DE8E35 /* ReaderOverlayView.swift in Sources */ = {isa = PBXBuildFile; fileRef = FFD5F076247F053F00DE8E35 /* ReaderOverlayView.swift */; };
		FFD5F081247F053F00DE8E35 /* SwitchCameraButton.swift in Sources */ = {isa = PBXBuildFile; fileRef = FFD5F077247F053F00DE8E35 /* SwitchCameraButton.swift */; };
		FFD5F082247F053F00DE8E35 /* QRCodeReaderView.swift in Sources */ = {isa = PBXBuildFile; fileRef = FFD5F078247F053F00DE8E35 /* QRCodeReaderView.swift */; };
		FFD5F083247F053F00DE8E35 /* QRCodeReader.swift in Sources */ = {isa = PBXBuildFile; fileRef = FFD5F079247F053F00DE8E35 /* QRCodeReader.swift */; };
		FFD5F084247F053F00DE8E35 /* ToggleTorchButton.swift in Sources */ = {isa = PBXBuildFile; fileRef = FFD5F07A247F053F00DE8E35 /* ToggleTorchButton.swift */; };
		FFD5F085247F053F00DE8E35 /* QRCodeReaderViewContainer.swift in Sources */ = {isa = PBXBuildFile; fileRef = FFD5F07B247F053F00DE8E35 /* QRCodeReaderViewContainer.swift */; };
		FFD5F086247F053F00DE8E35 /* QRCodeReaderViewController.swift in Sources */ = {isa = PBXBuildFile; fileRef = FFD5F07C247F053F00DE8E35 /* QRCodeReaderViewController.swift */; };
		FFD5F087247F053F00DE8E35 /* QRCodeReaderViewControllerBuilder.swift in Sources */ = {isa = PBXBuildFile; fileRef = FFD5F07D247F053F00DE8E35 /* QRCodeReaderViewControllerBuilder.swift */; };
		FFD5F088247F053F00DE8E35 /* QRCodeReaderResult.swift in Sources */ = {isa = PBXBuildFile; fileRef = FFD5F07E247F053F00DE8E35 /* QRCodeReaderResult.swift */; };
/* End PBXBuildFile section */

/* Begin PBXFileReference section */
		FFD5F06A247F027F00DE8E35 /* QRLib.framework */ = {isa = PBXFileReference; explicitFileType = wrapper.framework; includeInIndex = 0; path = QRLib.framework; sourceTree = BUILT_PRODUCTS_DIR; };
		FFD5F06D247F027F00DE8E35 /* QRLib.h */ = {isa = PBXFileReference; lastKnownFileType = sourcecode.c.h; path = QRLib.h; sourceTree = "<group>"; };
		FFD5F06E247F027F00DE8E35 /* Info.plist */ = {isa = PBXFileReference; lastKnownFileType = text.plist.xml; path = Info.plist; sourceTree = "<group>"; };
		FFD5F075247F053E00DE8E35 /* QRCodeReaderViewControllerDelegate.swift */ = {isa = PBXFileReference; fileEncoding = 4; lastKnownFileType = sourcecode.swift; path = QRCodeReaderViewControllerDelegate.swift; sourceTree = "<group>"; };
		FFD5F076247F053F00DE8E35 /* ReaderOverlayView.swift */ = {isa = PBXFileReference; fileEncoding = 4; lastKnownFileType = sourcecode.swift; path = ReaderOverlayView.swift; sourceTree = "<group>"; };
		FFD5F077247F053F00DE8E35 /* SwitchCameraButton.swift */ = {isa = PBXFileReference; fileEncoding = 4; lastKnownFileType = sourcecode.swift; path = SwitchCameraButton.swift; sourceTree = "<group>"; };
		FFD5F078247F053F00DE8E35 /* QRCodeReaderView.swift */ = {isa = PBXFileReference; fileEncoding = 4; lastKnownFileType = sourcecode.swift; path = QRCodeReaderView.swift; sourceTree = "<group>"; };
		FFD5F079247F053F00DE8E35 /* QRCodeReader.swift */ = {isa = PBXFileReference; fileEncoding = 4; lastKnownFileType = sourcecode.swift; path = QRCodeReader.swift; sourceTree = "<group>"; };
		FFD5F07A247F053F00DE8E35 /* ToggleTorchButton.swift */ = {isa = PBXFileReference; fileEncoding = 4; lastKnownFileType = sourcecode.swift; path = ToggleTorchButton.swift; sourceTree = "<group>"; };
		FFD5F07B247F053F00DE8E35 /* QRCodeReaderViewContainer.swift */ = {isa = PBXFileReference; fileEncoding = 4; lastKnownFileType = sourcecode.swift; path = QRCodeReaderViewContainer.swift; sourceTree = "<group>"; };
		FFD5F07C247F053F00DE8E35 /* QRCodeReaderViewController.swift */ = {isa = PBXFileReference; fileEncoding = 4; lastKnownFileType = sourcecode.swift; path = QRCodeReaderViewController.swift; sourceTree = "<group>"; };
		FFD5F07D247F053F00DE8E35 /* QRCodeReaderViewControllerBuilder.swift */ = {isa = PBXFileReference; fileEncoding = 4; lastKnownFileType = sourcecode.swift; path = QRCodeReaderViewControllerBuilder.swift; sourceTree = "<group>"; };
		FFD5F07E247F053F00DE8E35 /* QRCodeReaderResult.swift */ = {isa = PBXFileReference; fileEncoding = 4; lastKnownFileType = sourcecode.swift; path = QRCodeReaderResult.swift; sourceTree = "<group>"; };
/* End PBXFileReference section */

/* Begin PBXFrameworksBuildPhase section */
		FFD5F067247F027F00DE8E35 /* Frameworks */ = {
			isa = PBXFrameworksBuildPhase;
			buildActionMask = 2147483647;
			files = (
			);
			runOnlyForDeploymentPostprocessing = 0;
		};
/* End PBXFrameworksBuildPhase section */

/* Begin PBXGroup section */
		FFD5F060247F027E00DE8E35 = {
			isa = PBXGroup;
			children = (
				FFD5F06C247F027F00DE8E35 /* QRLib */,
				FFD5F06B247F027F00DE8E35 /* Products */,
			);
			sourceTree = "<group>";
		};
		FFD5F06B247F027F00DE8E35 /* Products */ = {
			isa = PBXGroup;
			children = (
				FFD5F06A247F027F00DE8E35 /* QRLib.framework */,
			);
			name = Products;
			sourceTree = "<group>";
		};
		FFD5F06C247F027F00DE8E35 /* QRLib */ = {
			isa = PBXGroup;
			children = (
				FFD5F079247F053F00DE8E35 /* QRCodeReader.swift */,
				FFD5F07E247F053F00DE8E35 /* QRCodeReaderResult.swift */,
				FFD5F078247F053F00DE8E35 /* QRCodeReaderView.swift */,
				FFD5F07B247F053F00DE8E35 /* QRCodeReaderViewContainer.swift */,
				FFD5F07C247F053F00DE8E35 /* QRCodeReaderViewController.swift */,
				FFD5F07D247F053F00DE8E35 /* QRCodeReaderViewControllerBuilder.swift */,
				FFD5F075247F053E00DE8E35 /* QRCodeReaderViewControllerDelegate.swift */,
				FFD5F076247F053F00DE8E35 /* ReaderOverlayView.swift */,
				FFD5F077247F053F00DE8E35 /* SwitchCameraButton.swift */,
				FFD5F07A247F053F00DE8E35 /* ToggleTorchButton.swift */,
				FFD5F06D247F027F00DE8E35 /* QRLib.h */,
				FFD5F06E247F027F00DE8E35 /* Info.plist */,
			);
			path = QRLib;
			sourceTree = "<group>";
		};
/* End PBXGroup section */

/* Begin PBXHeadersBuildPhase section */
		FFD5F065247F027F00DE8E35 /* Headers */ = {
			isa = PBXHeadersBuildPhase;
			buildActionMask = 2147483647;
			files = (
				FFD5F06F247F027F00DE8E35 /* QRLib.h in Headers */,
			);
			runOnlyForDeploymentPostprocessing = 0;
		};
/* End PBXHeadersBuildPhase section */

/* Begin PBXNativeTarget section */
		FFD5F069247F027F00DE8E35 /* QRLib */ = {
			isa = PBXNativeTarget;
			buildConfigurationList = FFD5F072247F027F00DE8E35 /* Build configuration list for PBXNativeTarget "QRLib" */;
			buildPhases = (
				FFD5F065247F027F00DE8E35 /* Headers */,
				FFD5F066247F027F00DE8E35 /* Sources */,
				FFD5F067247F027F00DE8E35 /* Frameworks */,
				FFD5F068247F027F00DE8E35 /* Resources */,
			);
			buildRules = (
			);
			dependencies = (
			);
			name = QRLib;
			productName = QRLib;
			productReference = FFD5F06A247F027F00DE8E35 /* QRLib.framework */;
			productType = "com.apple.product-type.framework";
		};
/* End PBXNativeTarget section */

/* Begin PBXProject section */
		FFD5F061247F027E00DE8E35 /* Project object */ = {
			isa = PBXProject;
			attributes = {
				LastUpgradeCheck = 1140;
				ORGANIZATIONNAME = "Eduard Shahnazaryan";
				TargetAttributes = {
					FFD5F069247F027F00DE8E35 = {
						CreatedOnToolsVersion = 11.4;
					};
				};
			};
			buildConfigurationList = FFD5F064247F027E00DE8E35 /* Build configuration list for PBXProject "QRLib" */;
			compatibilityVersion = "Xcode 9.3";
			developmentRegion = en;
			hasScannedForEncodings = 0;
			knownRegions = (
				en,
				Base,
			);
			mainGroup = FFD5F060247F027E00DE8E35;
			productRefGroup = FFD5F06B247F027F00DE8E35 /* Products */;
			projectDirPath = "";
			projectRoot = "";
			targets = (
				FFD5F069247F027F00DE8E35 /* QRLib */,
			);
		};
/* End PBXProject section */

/* Begin PBXResourcesBuildPhase section */
		FFD5F068247F027F00DE8E35 /* Resources */ = {
			isa = PBXResourcesBuildPhase;
			buildActionMask = 2147483647;
			files = (
			);
			runOnlyForDeploymentPostprocessing = 0;
		};
/* End PBXResourcesBuildPhase section */

/* Begin PBXSourcesBuildPhase section */
		FFD5F066247F027F00DE8E35 /* Sources */ = {
			isa = PBXSourcesBuildPhase;
			buildActionMask = 2147483647;
			files = (
				FFD5F084247F053F00DE8E35 /* ToggleTorchButton.swift in Sources */,
				FFD5F080247F053F00DE8E35 /* ReaderOverlayView.swift in Sources */,
				FFD5F082247F053F00DE8E35 /* QRCodeReaderView.swift in Sources */,
				FFD5F083247F053F00DE8E35 /* QRCodeReader.swift in Sources */,
				FFD5F087247F053F00DE8E35 /* QRCodeReaderViewControllerBuilder.swift in Sources */,
				FFD5F088247F053F00DE8E35 /* QRCodeReaderResult.swift in Sources */,
				FFD5F085247F053F00DE8E35 /* QRCodeReaderViewContainer.swift in Sources */,
				FFD5F081247F053F00DE8E35 /* SwitchCameraButton.swift in Sources */,
				FFD5F086247F053F00DE8E35 /* QRCodeReaderViewController.swift in Sources */,
				FFD5F07F247F053F00DE8E35 /* QRCodeReaderViewControllerDelegate.swift in Sources */,
			);
			runOnlyForDeploymentPostprocessing = 0;
		};
/* End PBXSourcesBuildPhase section */

/* Begin XCBuildConfiguration section */
		FFD5F070247F027F00DE8E35 /* Debug */ = {
			isa = XCBuildConfiguration;
			buildSettings = {
				ALWAYS_SEARCH_USER_PATHS = NO;
				CLANG_ANALYZER_NONNULL = YES;
				CLANG_ANALYZER_NUMBER_OBJECT_CONVERSION = YES_AGGRESSIVE;
				CLANG_CXX_LANGUAGE_STANDARD = "gnu++14";
				CLANG_CXX_LIBRARY = "libc++";
				CLANG_ENABLE_MODULES = YES;
				CLANG_ENABLE_OBJC_ARC = YES;
				CLANG_ENABLE_OBJC_WEAK = YES;
				CLANG_WARN_BLOCK_CAPTURE_AUTORELEASING = YES;
				CLANG_WARN_BOOL_CONVERSION = YES;
				CLANG_WARN_COMMA = YES;
				CLANG_WARN_CONSTANT_CONVERSION = YES;
				CLANG_WARN_DEPRECATED_OBJC_IMPLEMENTATIONS = YES;
				CLANG_WARN_DIRECT_OBJC_ISA_USAGE = YES_ERROR;
				CLANG_WARN_DOCUMENTATION_COMMENTS = YES;
				CLANG_WARN_EMPTY_BODY = YES;
				CLANG_WARN_ENUM_CONVERSION = YES;
				CLANG_WARN_INFINITE_RECURSION = YES;
				CLANG_WARN_INT_CONVERSION = YES;
				CLANG_WARN_NON_LITERAL_NULL_CONVERSION = YES;
				CLANG_WARN_OBJC_IMPLICIT_RETAIN_SELF = YES;
				CLANG_WARN_OBJC_LITERAL_CONVERSION = YES;
				CLANG_WARN_OBJC_ROOT_CLASS = YES_ERROR;
				CLANG_WARN_RANGE_LOOP_ANALYSIS = YES;
				CLANG_WARN_STRICT_PROTOTYPES = YES;
				CLANG_WARN_SUSPICIOUS_MOVE = YES;
				CLANG_WARN_UNGUARDED_AVAILABILITY = YES_AGGRESSIVE;
				CLANG_WARN_UNREACHABLE_CODE = YES;
				CLANG_WARN__DUPLICATE_METHOD_MATCH = YES;
				COPY_PHASE_STRIP = NO;
				CURRENT_PROJECT_VERSION = 1;
				DEBUG_INFORMATION_FORMAT = dwarf;
				ENABLE_STRICT_OBJC_MSGSEND = YES;
				ENABLE_TESTABILITY = YES;
				GCC_C_LANGUAGE_STANDARD = gnu11;
				GCC_DYNAMIC_NO_PIC = NO;
				GCC_NO_COMMON_BLOCKS = YES;
				GCC_OPTIMIZATION_LEVEL = 0;
				GCC_PREPROCESSOR_DEFINITIONS = (
					"DEBUG=1",
					"$(inherited)",
				);
				GCC_WARN_64_TO_32_BIT_CONVERSION = YES;
				GCC_WARN_ABOUT_RETURN_TYPE = YES_ERROR;
				GCC_WARN_UNDECLARED_SELECTOR = YES;
				GCC_WARN_UNINITIALIZED_AUTOS = YES_AGGRESSIVE;
				GCC_WARN_UNUSED_FUNCTION = YES;
				GCC_WARN_UNUSED_VARIABLE = YES;
				IPHONEOS_DEPLOYMENT_TARGET = 13.4;
				MTL_ENABLE_DEBUG_INFO = INCLUDE_SOURCE;
				MTL_FAST_MATH = YES;
				ONLY_ACTIVE_ARCH = YES;
				SDKROOT = iphoneos;
				SWIFT_ACTIVE_COMPILATION_CONDITIONS = DEBUG;
				SWIFT_OPTIMIZATION_LEVEL = "-Onone";
				VERSIONING_SYSTEM = "apple-generic";
				VERSION_INFO_PREFIX = "";
			};
			name = Debug;
		};
		FFD5F071247F027F00DE8E35 /* Release */ = {
			isa = XCBuildConfiguration;
			buildSettings = {
				ALWAYS_SEARCH_USER_PATHS = NO;
				CLANG_ANALYZER_NONNULL = YES;
				CLANG_ANALYZER_NUMBER_OBJECT_CONVERSION = YES_AGGRESSIVE;
				CLANG_CXX_LANGUAGE_STANDARD = "gnu++14";
				CLANG_CXX_LIBRARY = "libc++";
				CLANG_ENABLE_MODULES = YES;
				CLANG_ENABLE_OBJC_ARC = YES;
				CLANG_ENABLE_OBJC_WEAK = YES;
				CLANG_WARN_BLOCK_CAPTURE_AUTORELEASING = YES;
				CLANG_WARN_BOOL_CONVERSION = YES;
				CLANG_WARN_COMMA = YES;
				CLANG_WARN_CONSTANT_CONVERSION = YES;
				CLANG_WARN_DEPRECATED_OBJC_IMPLEMENTATIONS = YES;
				CLANG_WARN_DIRECT_OBJC_ISA_USAGE = YES_ERROR;
				CLANG_WARN_DOCUMENTATION_COMMENTS = YES;
				CLANG_WARN_EMPTY_BODY = YES;
				CLANG_WARN_ENUM_CONVERSION = YES;
				CLANG_WARN_INFINITE_RECURSION = YES;
				CLANG_WARN_INT_CONVERSION = YES;
				CLANG_WARN_NON_LITERAL_NULL_CONVERSION = YES;
				CLANG_WARN_OBJC_IMPLICIT_RETAIN_SELF = YES;
				CLANG_WARN_OBJC_LITERAL_CONVERSION = YES;
				CLANG_WARN_OBJC_ROOT_CLASS = YES_ERROR;
				CLANG_WARN_RANGE_LOOP_ANALYSIS = YES;
				CLANG_WARN_STRICT_PROTOTYPES = YES;
				CLANG_WARN_SUSPICIOUS_MOVE = YES;
				CLANG_WARN_UNGUARDED_AVAILABILITY = YES_AGGRESSIVE;
				CLANG_WARN_UNREACHABLE_CODE = YES;
				CLANG_WARN__DUPLICATE_METHOD_MATCH = YES;
				COPY_PHASE_STRIP = NO;
				CURRENT_PROJECT_VERSION = 1;
				DEBUG_INFORMATION_FORMAT = "dwarf-with-dsym";
				ENABLE_NS_ASSERTIONS = NO;
				ENABLE_STRICT_OBJC_MSGSEND = YES;
				GCC_C_LANGUAGE_STANDARD = gnu11;
				GCC_NO_COMMON_BLOCKS = YES;
				GCC_WARN_64_TO_32_BIT_CONVERSION = YES;
				GCC_WARN_ABOUT_RETURN_TYPE = YES_ERROR;
				GCC_WARN_UNDECLARED_SELECTOR = YES;
				GCC_WARN_UNINITIALIZED_AUTOS = YES_AGGRESSIVE;
				GCC_WARN_UNUSED_FUNCTION = YES;
				GCC_WARN_UNUSED_VARIABLE = YES;
				IPHONEOS_DEPLOYMENT_TARGET = 13.4;
				MTL_ENABLE_DEBUG_INFO = NO;
				MTL_FAST_MATH = YES;
				SDKROOT = iphoneos;
				SWIFT_COMPILATION_MODE = wholemodule;
				SWIFT_OPTIMIZATION_LEVEL = "-O";
				VALIDATE_PRODUCT = YES;
				VERSIONING_SYSTEM = "apple-generic";
				VERSION_INFO_PREFIX = "";
			};
			name = Release;
		};
		FFD5F073247F027F00DE8E35 /* Debug */ = {
			isa = XCBuildConfiguration;
			buildSettings = {
				CODE_SIGN_STYLE = Automatic;
				DEFINES_MODULE = YES;
				DEVELOPMENT_TEAM = B9HB5DY43E;
				DYLIB_COMPATIBILITY_VERSION = 1;
				DYLIB_CURRENT_VERSION = 1;
				DYLIB_INSTALL_NAME_BASE = "@rpath";
				INFOPLIST_FILE = QRLib/Info.plist;
				INSTALL_PATH = "$(LOCAL_LIBRARY_DIR)/Frameworks";
				LD_RUNPATH_SEARCH_PATHS = (
					"$(inherited)",
					"@executable_path/Frameworks",
					"@loader_path/Frameworks",
				);
				PRODUCT_BUNDLE_IDENTIFIER = com.eduardshahnazaryan.QRLib;
				PRODUCT_NAME = "$(TARGET_NAME:c99extidentifier)";
				SKIP_INSTALL = YES;
				SWIFT_VERSION = 5.0;
				TARGETED_DEVICE_FAMILY = "1,2";
			};
			name = Debug;
		};
		FFD5F074247F027F00DE8E35 /* Release */ = {
			isa = XCBuildConfiguration;
			buildSettings = {
				CODE_SIGN_STYLE = Automatic;
				DEFINES_MODULE = YES;
				DEVELOPMENT_TEAM = B9HB5DY43E;
				DYLIB_COMPATIBILITY_VERSION = 1;
				DYLIB_CURRENT_VERSION = 1;
				DYLIB_INSTALL_NAME_BASE = "@rpath";
				INFOPLIST_FILE = QRLib/Info.plist;
				INSTALL_PATH = "$(LOCAL_LIBRARY_DIR)/Frameworks";
				LD_RUNPATH_SEARCH_PATHS = (
					"$(inherited)",
					"@executable_path/Frameworks",
					"@loader_path/Frameworks",
				);
				PRODUCT_BUNDLE_IDENTIFIER = com.eduardshahnazaryan.QRLib;
				PRODUCT_NAME = "$(TARGET_NAME:c99extidentifier)";
				SKIP_INSTALL = YES;
				SWIFT_VERSION = 5.0;
				TARGETED_DEVICE_FAMILY = "1,2";
			};
			name = Release;
		};
/* End XCBuildConfiguration section */

/* Begin XCConfigurationList section */
		FFD5F064247F027E00DE8E35 /* Build configuration list for PBXProject "QRLib" */ = {
			isa = XCConfigurationList;
			buildConfigurations = (
				FFD5F070247F027F00DE8E35 /* Debug */,
				FFD5F071247F027F00DE8E35 /* Release */,
			);
			defaultConfigurationIsVisible = 0;
			defaultConfigurationName = Release;
		};
		FFD5F072247F027F00DE8E35 /* Build configuration list for PBXNativeTarget "QRLib" */ = {
			isa = XCConfigurationList;
			buildConfigurations = (
				FFD5F073247F027F00DE8E35 /* Debug */,
				FFD5F074247F027F00DE8E35 /* Release */,
			);
			defaultConfigurationIsVisible = 0;
			defaultConfigurationName = Release;
		};
/* End XCConfigurationList section */
	};
	rootObject = FFD5F061247F027E00DE8E35 /* Project object */;
}
